{
  "pins" : [
    {
      "identity" : "alamofire",
      "kind" : "remoteSourceControl",
      "location" : "https://github.com/Alamofire/Alamofire.git",
      "state" : {
        "branch" : "master",
        "revision" : "bdecb2c87a21a236dcfe88b21532ad3f0e3d20f4"
      }
    },
    {
      "identity" : "iglistkit",
      "kind" : "remoteSourceControl",
      "location" : "https://github.com/Instagram/IGListKit",
      "state" : {
        "branch" : "main",
        "revision" : "82f59a8760c323976d37a0722709754b544f2679"
      }
    }
  ],
  "version" : 2
}
